// !$*UTF8*$!
{
	archiveVersion = 1;
	classes = {
	};
	objectVersion = 56;
	objects = {

/* Begin PBXBuildFile section */
		D86E01A62C2F78F4002A0E8E /* AppDelegate.swift in Sources */ = {isa = PBXBuildFile; fileRef = D86E01A52C2F78F4002A0E8E /* AppDelegate.swift */; };
		D86E01A82C2F78F4002A0E8E /* SceneDelegate.swift in Sources */ = {isa = PBXBuildFile; fileRef = D86E01A72C2F78F4002A0E8E /* SceneDelegate.swift */; };
		D86E01AA2C2F78F4002A0E8E /* PortadaViewController.swift in Sources */ = {isa = PBXBuildFile; fileRef = D86E01A92C2F78F4002A0E8E /* PortadaViewController.swift */; };
		D86E01AD2C2F78F4002A0E8E /* Base in Resources */ = {isa = PBXBuildFile; fileRef = D86E01AC2C2F78F4002A0E8E /* Base */; };
		D86E01AF2C2F78F7002A0E8E /* Assets.xcassets in Resources */ = {isa = PBXBuildFile; fileRef = D86E01AE2C2F78F7002A0E8E /* Assets.xcassets */; };
		D86E01B22C2F78F7002A0E8E /* Base in Resources */ = {isa = PBXBuildFile; fileRef = D86E01B12C2F78F7002A0E8E /* Base */; };
		D86E01BC2C2F89BD002A0E8E /* MiniPortadaCollectionViewCell.swift in Sources */ = {isa = PBXBuildFile; fileRef = D86E01BB2C2F89BD002A0E8E /* MiniPortadaCollectionViewCell.swift */; };
		D86E01BE2C2F8B4C002A0E8E /* PlayerData.swift in Sources */ = {isa = PBXBuildFile; fileRef = D86E01BD2C2F8B4C002A0E8E /* PlayerData.swift */; };
		D86E01C22C321852002A0E8E /* DetailPortadaController.swift in Sources */ = {isa = PBXBuildFile; fileRef = D86E01C12C321852002A0E8E /* DetailPortadaController.swift */; };
/* End PBXBuildFile section */

/* Begin PBXFileReference section */
		D86E01A22C2F78F4002A0E8E /* PracticaCollectionView2.app */ = {isa = PBXFileReference; explicitFileType = wrapper.application; includeInIndex = 0; path = PracticaCollectionView2.app; sourceTree = BUILT_PRODUCTS_DIR; };
		D86E01A52C2F78F4002A0E8E /* AppDelegate.swift */ = {isa = PBXFileReference; lastKnownFileType = sourcecode.swift; path = AppDelegate.swift; sourceTree = "<group>"; };
		D86E01A72C2F78F4002A0E8E /* SceneDelegate.swift */ = {isa = PBXFileReference; lastKnownFileType = sourcecode.swift; path = SceneDelegate.swift; sourceTree = "<group>"; };
		D86E01A92C2F78F4002A0E8E /* PortadaViewController.swift */ = {isa = PBXFileReference; lastKnownFileType = sourcecode.swift; path = PortadaViewController.swift; sourceTree = "<group>"; };
		D86E01AC2C2F78F4002A0E8E /* Base */ = {isa = PBXFileReference; lastKnownFileType = file.storyboard; name = Base; path = Base.lproj/Main.storyboard; sourceTree = "<group>"; };
		D86E01AE2C2F78F7002A0E8E /* Assets.xcassets */ = {isa = PBXFileReference; lastKnownFileType = folder.assetcatalog; path = Assets.xcassets; sourceTree = "<group>"; };
		D86E01B12C2F78F7002A0E8E /* Base */ = {isa = PBXFileReference; lastKnownFileType = file.storyboard; name = Base; path = Base.lproj/LaunchScreen.storyboard; sourceTree = "<group>"; };
		D86E01B32C2F78F7002A0E8E /* Info.plist */ = {isa = PBXFileReference; lastKnownFileType = text.plist.xml; path = Info.plist; sourceTree = "<group>"; };
		D86E01BB2C2F89BD002A0E8E /* MiniPortadaCollectionViewCell.swift */ = {isa = PBXFileReference; lastKnownFileType = sourcecode.swift; path = MiniPortadaCollectionViewCell.swift; sourceTree = "<group>"; };
		D86E01BD2C2F8B4C002A0E8E /* PlayerData.swift */ = {isa = PBXFileReference; lastKnownFileType = sourcecode.swift; path = PlayerData.swift; sourceTree = "<group>"; };
		D86E01C12C321852002A0E8E /* DetailPortadaController.swift */ = {isa = PBXFileReference; lastKnownFileType = sourcecode.swift; path = DetailPortadaController.swift; sourceTree = "<group>"; };
/* End PBXFileReference section */

/* Begin PBXFrameworksBuildPhase section */
		D86E019F2C2F78F4002A0E8E /* Frameworks */ = {
			isa = PBXFrameworksBuildPhase;
			buildActionMask = 2147483647;
			files = (
			);
			runOnlyForDeploymentPostprocessing = 0;
		};
/* End PBXFrameworksBuildPhase section */

/* Begin PBXGroup section */
		D86E01992C2F78F4002A0E8E = {
			isa = PBXGroup;
			children = (
				D86E01A42C2F78F4002A0E8E /* PracticaCollectionView2 */,
				D86E01A32C2F78F4002A0E8E /* Products */,
			);
			sourceTree = "<group>";
		};
		D86E01A32C2F78F4002A0E8E /* Products */ = {
			isa = PBXGroup;
			children = (
				D86E01A22C2F78F4002A0E8E /* PracticaCollectionView2.app */,
			);
			name = Products;
			sourceTree = "<group>";
		};
		D86E01A42C2F78F4002A0E8E /* PracticaCollectionView2 */ = {
			isa = PBXGroup;
			children = (
				D86E01A52C2F78F4002A0E8E /* AppDelegate.swift */,
				D86E01A72C2F78F4002A0E8E /* SceneDelegate.swift */,
				D86E01BD2C2F8B4C002A0E8E /* PlayerData.swift */,
				D86E01C12C321852002A0E8E /* DetailPortadaController.swift */,
				D86E01A92C2F78F4002A0E8E /* PortadaViewController.swift */,
				D86E01BB2C2F89BD002A0E8E /* MiniPortadaCollectionViewCell.swift */,
				D86E01AB2C2F78F4002A0E8E /* Main.storyboard */,
				D86E01AE2C2F78F7002A0E8E /* Assets.xcassets */,
				D86E01B02C2F78F7002A0E8E /* LaunchScreen.storyboard */,
				D86E01B32C2F78F7002A0E8E /* Info.plist */,
			);
			path = PracticaCollectionView2;
			sourceTree = "<group>";
		};
/* End PBXGroup section */

/* Begin PBXNativeTarget section */
		D86E01A12C2F78F4002A0E8E /* PracticaCollectionView2 */ = {
			isa = PBXNativeTarget;
			buildConfigurationList = D86E01B62C2F78F7002A0E8E /* Build configuration list for PBXNativeTarget "PracticaCollectionView2" */;
			buildPhases = (
				D86E019E2C2F78F4002A0E8E /* Sources */,
				D86E019F2C2F78F4002A0E8E /* Frameworks */,
				D86E01A02C2F78F4002A0E8E /* Resources */,
			);
			buildRules = (
			);
			dependencies = (
			);
			name = PracticaCollectionView2;
			productName = PracticaCollectionView2;
			productReference = D86E01A22C2F78F4002A0E8E /* PracticaCollectionView2.app */;
			productType = "com.apple.product-type.application";
		};
/* End PBXNativeTarget section */

/* Begin PBXProject section */
		D86E019A2C2F78F4002A0E8E /* Project object */ = {
			isa = PBXProject;
			attributes = {
				BuildIndependentTargetsInParallel = 1;
				LastSwiftUpdateCheck = 1530;
				LastUpgradeCheck = 1530;
				TargetAttributes = {
					D86E01A12C2F78F4002A0E8E = {
						CreatedOnToolsVersion = 15.3;
					};
				};
			};
			buildConfigurationList = D86E019D2C2F78F4002A0E8E /* Build configuration list for PBXProject "PracticaCollectionView2" */;
			compatibilityVersion = "Xcode 14.0";
			developmentRegion = en;
			hasScannedForEncodings = 0;
			knownRegions = (
				en,
				Base,
			);
			mainGroup = D86E01992C2F78F4002A0E8E;
			productRefGroup = D86E01A32C2F78F4002A0E8E /* Products */;
			projectDirPath = "";
			projectRoot = "";
			targets = (
				D86E01A12C2F78F4002A0E8E /* PracticaCollectionView2 */,
			);
		};
/* End PBXProject section */

/* Begin PBXResourcesBuildPhase section */
		D86E01A02C2F78F4002A0E8E /* Resources */ = {
			isa = PBXResourcesBuildPhase;
			buildActionMask = 2147483647;
			files = (
				D86E01AF2C2F78F7002A0E8E /* Assets.xcassets in Resources */,
				D86E01B22C2F78F7002A0E8E /* Base in Resources */,
				D86E01AD2C2F78F4002A0E8E /* Base in Resources */,
			);
			runOnlyForDeploymentPostprocessing = 0;
		};
/* End PBXResourcesBuildPhase section */

/* Begin PBXSourcesBuildPhase section */
		D86E019E2C2F78F4002A0E8E /* Sources */ = {
			isa = PBXSourcesBuildPhase;
			buildActionMask = 2147483647;
			files = (
				D86E01AA2C2F78F4002A0E8E /* PortadaViewController.swift in Sources */,
				D86E01BC2C2F89BD002A0E8E /* MiniPortadaCollectionViewCell.swift in Sources */,
				D86E01BE2C2F8B4C002A0E8E /* PlayerData.swift in Sources */,
				D86E01A62C2F78F4002A0E8E /* AppDelegate.swift in Sources */,
				D86E01C22C321852002A0E8E /* DetailPortadaController.swift in Sources */,
				D86E01A82C2F78F4002A0E8E /* SceneDelegate.swift in Sources */,
			);
			runOnlyForDeploymentPostprocessing = 0;
		};
/* End PBXSourcesBuildPhase section */

/* Begin PBXVariantGroup section */
		D86E01AB2C2F78F4002A0E8E /* Main.storyboard */ = {
			isa = PBXVariantGroup;
			children = (
				D86E01AC2C2F78F4002A0E8E /* Base */,
			);
			name = Main.storyboard;
			sourceTree = "<group>";
		};
		D86E01B02C2F78F7002A0E8E /* LaunchScreen.storyboard */ = {
			isa = PBXVariantGroup;
			children = (
				D86E01B12C2F78F7002A0E8E /* Base */,
			);
			name = LaunchScreen.storyboard;
			sourceTree = "<group>";
		};
/* End PBXVariantGroup section */

/* Begin XCBuildConfiguration section */
		D86E01B42C2F78F7002A0E8E /* Debug */ = {
			isa = XCBuildConfiguration;
			buildSettings = {
				ALWAYS_SEARCH_USER_PATHS = NO;
				ASSETCATALOG_COMPILER_GENERATE_SWIFT_ASSET_SYMBOL_EXTENSIONS = YES;
				CLANG_ANALYZER_NONNULL = YES;
				CLANG_ANALYZER_NUMBER_OBJECT_CONVERSION = YES_AGGRESSIVE;
				CLANG_CXX_LANGUAGE_STANDARD = "gnu++20";
				CLANG_ENABLE_MODULES = YES;
				CLANG_ENABLE_OBJC_ARC = YES;
				CLANG_ENABLE_OBJC_WEAK = YES;
				CLANG_WARN_BLOCK_CAPTURE_AUTORELEASING = YES;
				CLANG_WARN_BOOL_CONVERSION = YES;
				CLANG_WARN_COMMA = YES;
				CLANG_WARN_CONSTANT_CONVERSION = YES;
				CLANG_WARN_DEPRECATED_OBJC_IMPLEMENTATIONS = YES;
				CLANG_WARN_DIRECT_OBJC_ISA_USAGE = YES_ERROR;
				CLANG_WARN_DOCUMENTATION_COMMENTS = YES;
				CLANG_WARN_EMPTY_BODY = YES;
				CLANG_WARN_ENUM_CONVERSION = YES;
				CLANG_WARN_INFINITE_RECURSION = YES;
				CLANG_WARN_INT_CONVERSION = YES;
				CLANG_WARN_NON_LITERAL_NULL_CONVERSION = YES;
				CLANG_WARN_OBJC_IMPLICIT_RETAIN_SELF = YES;
				CLANG_WARN_OBJC_LITERAL_CONVERSION = YES;
				CLANG_WARN_OBJC_ROOT_CLASS = YES_ERROR;
				CLANG_WARN_QUOTED_INCLUDE_IN_FRAMEWORK_HEADER = YES;
				CLANG_WARN_RANGE_LOOP_ANALYSIS = YES;
				CLANG_WARN_STRICT_PROTOTYPES = YES;
				CLANG_WARN_SUSPICIOUS_MOVE = YES;
				CLANG_WARN_UNGUARDED_AVAILABILITY = YES_AGGRESSIVE;
				CLANG_WARN_UNREACHABLE_CODE = YES;
				CLANG_WARN__DUPLICATE_METHOD_MATCH = YES;
				COPY_PHASE_STRIP = NO;
				DEBUG_INFORMATION_FORMAT = dwarf;
				ENABLE_STRICT_OBJC_MSGSEND = YES;
				ENABLE_TESTABILITY = YES;
				ENABLE_USER_SCRIPT_SANDBOXING = YES;
				GCC_C_LANGUAGE_STANDARD = gnu17;
				GCC_DYNAMIC_NO_PIC = NO;
				GCC_NO_COMMON_BLOCKS = YES;
				GCC_OPTIMIZATION_LEVEL = 0;
				GCC_PREPROCESSOR_DEFINITIONS = (
					"DEBUG=1",
					"$(inherited)",
				);
				GCC_WARN_64_TO_32_BIT_CONVERSION = YES;
				GCC_WARN_ABOUT_RETURN_TYPE = YES_ERROR;
				GCC_WARN_UNDECLARED_SELECTOR = YES;
				GCC_WARN_UNINITIALIZED_AUTOS = YES_AGGRESSIVE;
				GCC_WARN_UNUSED_FUNCTION = YES;
				GCC_WARN_UNUSED_VARIABLE = YES;
				IPHONEOS_DEPLOYMENT_TARGET = 17.4;
				LOCALIZATION_PREFERS_STRING_CATALOGS = YES;
				MTL_ENABLE_DEBUG_INFO = INCLUDE_SOURCE;
				MTL_FAST_MATH = YES;
				ONLY_ACTIVE_ARCH = YES;
				SDKROOT = iphoneos;
				SWIFT_ACTIVE_COMPILATION_CONDITIONS = "DEBUG $(inherited)";
				SWIFT_OPTIMIZATION_LEVEL = "-Onone";
			};
			name = Debug;
		};
		D86E01B52C2F78F7002A0E8E /* Release */ = {
			isa = XCBuildConfiguration;
			buildSettings = {
				ALWAYS_SEARCH_USER_PATHS = NO;
				ASSETCATALOG_COMPILER_GENERATE_SWIFT_ASSET_SYMBOL_EXTENSIONS = YES;
				CLANG_ANALYZER_NONNULL = YES;
				CLANG_ANALYZER_NUMBER_OBJECT_CONVERSION = YES_AGGRESSIVE;
				CLANG_CXX_LANGUAGE_STANDARD = "gnu++20";
				CLANG_ENABLE_MODULES = YES;
				CLANG_ENABLE_OBJC_ARC = YES;
				CLANG_ENABLE_OBJC_WEAK = YES;
				CLANG_WARN_BLOCK_CAPTURE_AUTORELEASING = YES;
				CLANG_WARN_BOOL_CONVERSION = YES;
				CLANG_WARN_COMMA = YES;
				CLANG_WARN_CONSTANT_CONVERSION = YES;
				CLANG_WARN_DEPRECATED_OBJC_IMPLEMENTATIONS = YES;
				CLANG_WARN_DIRECT_OBJC_ISA_USAGE = YES_ERROR;
				CLANG_WARN_DOCUMENTATION_COMMENTS = YES;
				CLANG_WARN_EMPTY_BODY = YES;
				CLANG_WARN_ENUM_CONVERSION = YES;
				CLANG_WARN_INFINITE_RECURSION = YES;
				CLANG_WARN_INT_CONVERSION = YES;
				CLANG_WARN_NON_LITERAL_NULL_CONVERSION = YES;
				CLANG_WARN_OBJC_IMPLICIT_RETAIN_SELF = YES;
				CLANG_WARN_OBJC_LITERAL_CONVERSION = YES;
				CLANG_WARN_OBJC_ROOT_CLASS = YES_ERROR;
				CLANG_WARN_QUOTED_INCLUDE_IN_FRAMEWORK_HEADER = YES;
				CLANG_WARN_RANGE_LOOP_ANALYSIS = YES;
				CLANG_WARN_STRICT_PROTOTYPES = YES;
				CLANG_WARN_SUSPICIOUS_MOVE = YES;
				CLANG_WARN_UNGUARDED_AVAILABILITY = YES_AGGRESSIVE;
				CLANG_WARN_UNREACHABLE_CODE = YES;
				CLANG_WARN__DUPLICATE_METHOD_MATCH = YES;
				COPY_PHASE_STRIP = NO;
				DEBUG_INFORMATION_FORMAT = "dwarf-with-dsym";
				ENABLE_NS_ASSERTIONS = NO;
				ENABLE_STRICT_OBJC_MSGSEND = YES;
				ENABLE_USER_SCRIPT_SANDBOXING = YES;
				GCC_C_LANGUAGE_STANDARD = gnu17;
				GCC_NO_COMMON_BLOCKS = YES;
				GCC_WARN_64_TO_32_BIT_CONVERSION = YES;
				GCC_WARN_ABOUT_RETURN_TYPE = YES_ERROR;
				GCC_WARN_UNDECLARED_SELECTOR = YES;
				GCC_WARN_UNINITIALIZED_AUTOS = YES_AGGRESSIVE;
				GCC_WARN_UNUSED_FUNCTION = YES;
				GCC_WARN_UNUSED_VARIABLE = YES;
				IPHONEOS_DEPLOYMENT_TARGET = 17.4;
				LOCALIZATION_PREFERS_STRING_CATALOGS = YES;
				MTL_ENABLE_DEBUG_INFO = NO;
				MTL_FAST_MATH = YES;
				SDKROOT = iphoneos;
				SWIFT_COMPILATION_MODE = wholemodule;
				VALIDATE_PRODUCT = YES;
			};
			name = Release;
		};
		D86E01B72C2F78F7002A0E8E /* Debug */ = {
			isa = XCBuildConfiguration;
			buildSettings = {
				ASSETCATALOG_COMPILER_APPICON_NAME = AppIcon;
				ASSETCATALOG_COMPILER_GLOBAL_ACCENT_COLOR_NAME = AccentColor;
				CODE_SIGN_STYLE = Automatic;
				CURRENT_PROJECT_VERSION = 1;
				DEVELOPMENT_TEAM = Y5NP32245S;
				GENERATE_INFOPLIST_FILE = YES;
				INFOPLIST_FILE = PracticaCollectionView2/Info.plist;
				INFOPLIST_KEY_UIApplicationSupportsIndirectInputEvents = YES;
				INFOPLIST_KEY_UILaunchStoryboardName = LaunchScreen;
				INFOPLIST_KEY_UIMainStoryboardFile = Main;
				INFOPLIST_KEY_UISupportedInterfaceOrientations_iPad = "UIInterfaceOrientationPortrait UIInterfaceOrientationPortraitUpsideDown UIInterfaceOrientationLandscapeLeft UIInterfaceOrientationLandscapeRight";
				INFOPLIST_KEY_UISupportedInterfaceOrientations_iPhone = "UIInterfaceOrientationPortrait UIInterfaceOrientationLandscapeLeft UIInterfaceOrientationLandscapeRight";
				IPHONEOS_DEPLOYMENT_TARGET = 15.3;
				LD_RUNPATH_SEARCH_PATHS = (
					"$(inherited)",
					"@executable_path/Frameworks",
				);
				MARKETING_VERSION = 1.0;
				PRODUCT_BUNDLE_IDENTIFIER = com.carlos.PracticaCollectionView2;
				PRODUCT_NAME = "$(TARGET_NAME)";
				SUPPORTED_PLATFORMS = "iphoneos iphonesimulator";
				SUPPORTS_MACCATALYST = NO;
				SUPPORTS_MAC_DESIGNED_FOR_IPHONE_IPAD = NO;
				SUPPORTS_XR_DESIGNED_FOR_IPHONE_IPAD = NO;
				SWIFT_EMIT_LOC_STRINGS = YES;
				SWIFT_VERSION = 5.0;
				TARGETED_DEVICE_FAMILY = 1;
			};
			name = Debug;
		};
		D86E01B82C2F78F7002A0E8E /* Release */ = {
			isa = XCBuildConfiguration;
			buildSettings = {
				ASSETCATALOG_COMPILER_APPICON_NAME = AppIcon;
				ASSETCATALOG_COMPILER_GLOBAL_ACCENT_COLOR_NAME = AccentColor;
				CODE_SIGN_STYLE = Automatic;
				CURRENT_PROJECT_VERSION = 1;
				DEVELOPMENT_TEAM = Y5NP32245S;
				GENERATE_INFOPLIST_FILE = YES;
				INFOPLIST_FILE = PracticaCollectionView2/Info.plist;
				INFOPLIST_KEY_UIApplicationSupportsIndirectInputEvents = YES;
				INFOPLIST_KEY_UILaunchStoryboardName = LaunchScreen;
				INFOPLIST_KEY_UIMainStoryboardFile = Main;
				INFOPLIST_KEY_UISupportedInterfaceOrientations_iPad = "UIInterfaceOrientationPortrait UIInterfaceOrientationPortraitUpsideDown UIInterfaceOrientationLandscapeLeft UIInterfaceOrientationLandscapeRight";
				INFOPLIST_KEY_UISupportedInterfaceOrientations_iPhone = "UIInterfaceOrientationPortrait UIInterfaceOrientationLandscapeLeft UIInterfaceOrientationLandscapeRight";
				IPHONEOS_DEPLOYMENT_TARGET = 15.3;
				LD_RUNPATH_SEARCH_PATHS = (
					"$(inherited)",
					"@executable_path/Frameworks",
				);
				MARKETING_VERSION = 1.0;
				PRODUCT_BUNDLE_IDENTIFIER = com.carlos.PracticaCollectionView2;
				PRODUCT_NAME = "$(TARGET_NAME)";
				SUPPORTED_PLATFORMS = "iphoneos iphonesimulator";
				SUPPORTS_MACCATALYST = NO;
				SUPPORTS_MAC_DESIGNED_FOR_IPHONE_IPAD = NO;
				SUPPORTS_XR_DESIGNED_FOR_IPHONE_IPAD = NO;
				SWIFT_EMIT_LOC_STRINGS = YES;
				SWIFT_VERSION = 5.0;
				TARGETED_DEVICE_FAMILY = 1;
			};
			name = Release;
		};
/* End XCBuildConfiguration section */

/* Begin XCConfigurationList section */
		D86E019D2C2F78F4002A0E8E /* Build configuration list for PBXProject "PracticaCollectionView2" */ = {
			isa = XCConfigurationList;
			buildConfigurations = (
				D86E01B42C2F78F7002A0E8E /* Debug */,
				D86E01B52C2F78F7002A0E8E /* Release */,
			);
			defaultConfigurationIsVisible = 0;
			defaultConfigurationName = Release;
		};
		D86E01B62C2F78F7002A0E8E /* Build configuration list for PBXNativeTarget "PracticaCollectionView2" */ = {
			isa = XCConfigurationList;
			buildConfigurations = (
				D86E01B72C2F78F7002A0E8E /* Debug */,
				D86E01B82C2F78F7002A0E8E /* Release */,
			);
			defaultConfigurationIsVisible = 0;
			defaultConfigurationName = Release;
		};
/* End XCConfigurationList section */
	};
	rootObject = D86E019A2C2F78F4002A0E8E /* Project object */;
}
